{
	"name": "lsp--sample",
	"version": "0.0.1",
	"lockfileVersion": 1,
	"requires": true,
	"dependencies": {
		"@types/mocha": {
			"version": "2.2.44",
			"resolved": "https://registry.npmjs.org/@types/mocha/-/mocha-2.2.44.tgz",
			"integrity": "sha512-k2tWTQU8G4+iSMvqKi0Q9IIsWAp/n8xzdZS4Q4YVIltApoMA00wFBFdlJnmoaK1/z7B0Cy0yPe6GgXteSmdUNw==",
			"dev": true
		},
		"@types/node": {
			"version": "6.0.94",
			"resolved": "https://registry.npmjs.org/@types/node/-/node-6.0.94.tgz",
			"integrity": "sha512-CwopBfOTONzc1bDDTh8/KzW+zssiIPw+nSf27Y1cuGIkZJ7zuhkig6xO5p9pBW/RY99DznOMCIj+FXx8EIy+qw==",
			"dev": true
		},
		"typescript": {
			"version": "2.6.2",
			"resolved": "https://registry.npmjs.org/typescript/-/typescript-2.6.2.tgz",
			"integrity": "sha1-PFtv1/beCRQmkCfwPAlGdY92c6Q=",
			"dev": true
		}
	}
}
